
Microsoft Visual Studio Solution File, Format Version 12.00
Project("{FAE04EC0-301F-11D3-BF4B-00C04F79EFBC}") = "FileDB", "FileDB\FileDB.csproj", "{487A0704-0BEA-41AF-8605-F81E00C1104B}"
EndProject
Project("{FAE04EC0-301F-11D3-BF4B-00C04F79EFBC}") = "ClassLibrary", "ClassLibrary\ClassLibrary.csproj", "{8D3C8679-A199-4652-8349-33125F5A679C}"
EndProject
Global
	GlobalSection(SolutionConfigurationPlatforms) = preSolution
		Debug|Any CPU = Debug|Any CPU
		Release|Any CPU = Release|Any CPU
	EndGlobalSection
	GlobalSection(ProjectConfigurationPlatforms) = postSolution
		{487A0704-0BEA-41AF-8605-F81E00C1104B}.Debug|Any CPU.ActiveCfg = Debug|Any CPU
		{487A0704-0BEA-41AF-8605-F81E00C1104B}.Debug|Any CPU.Build.0 = Debug|Any CPU
		{487A0704-0BEA-41AF-8605-F81E00C1104B}.Release|Any CPU.ActiveCfg = Release|Any CPU
		{487A0704-0BEA-41AF-8605-F81E00C1104B}.Release|Any CPU.Build.0 = Release|Any CPU
		{8D3C8679-A199-4652-8349-33125F5A679C}.Debug|Any CPU.ActiveCfg = Debug|Any CPU
		{8D3C8679-A199-4652-8349-33125F5A679C}.Debug|Any CPU.Build.0 = Debug|Any CPU
		{8D3C8679-A199-4652-8349-33125F5A679C}.Release|Any CPU.ActiveCfg = Release|Any CPU
		{8D3C8679-A199-4652-8349-33125F5A679C}.Release|Any CPU.Build.0 = Release|Any CPU
	EndGlobalSection
EndGlobal
